// !$*UTF8*$!
{
	archiveVersion = 1;
	classes = {
	};
	objectVersion = 45;
	objects = {

/* Begin PBXBuildFile section */
		1DDD58160DA1D0A300B32029 /* MainMenu.xib in Resources */ = {isa = PBXBuildFile; fileRef = 1DDD58140DA1D0A300B32029 /* MainMenu.xib */; };
		256AC3DA0F4B6AC300CF3369 /* MWController.m in Sources */ = {isa = PBXBuildFile; fileRef = 256AC3D90F4B6AC300CF3369 /* MWController.m */; };
		8D11072B0486CEB800E47090 /* InfoPlist.strings in Resources */ = {isa = PBXBuildFile; fileRef = 089C165CFE840E0CC02AAC07 /* InfoPlist.strings */; };
		8D11072D0486CEB800E47090 /* main.m in Sources */ = {isa = PBXBuildFile; fileRef = 29B97316FDCFA39411CA2CEA /* main.m */; settings = {ATTRIBUTES = (); }; };
		8D11072F0486CEB800E47090 /* Cocoa.framework in Frameworks */ = {isa = PBXBuildFile; fileRef = 1058C7A1FEA54F0111CA2CBB /* Cocoa.framework */; };
		FF5820D7119BEDC100131874 /* NSStatusItem+Iconology.m in Sources */ = {isa = PBXBuildFile; fileRef = FF5820D6119BEDC100131874 /* NSStatusItem+Iconology.m */; };
		FF58211A119BF0AB00131874 /* MWStatusItemIcon.pdf in Resources */ = {isa = PBXBuildFile; fileRef = FF582119119BF0AB00131874 /* MWStatusItemIcon.pdf */; };
		FF70ED67119C625700A58703 /* MWStatusItemIconAlternate.pdf in Resources */ = {isa = PBXBuildFile; fileRef = FF70ED66119C625700A58703 /* MWStatusItemIconAlternate.pdf */; };
		FF70EE97119C707500A58703 /* NSView+Centering.m in Sources */ = {isa = PBXBuildFile; fileRef = FF70EE96119C707500A58703 /* NSView+Centering.m */; };
		FF70EEFE119C73E100A58703 /* ObjC-SwizzleMethods.c in Sources */ = {isa = PBXBuildFile; fileRef = FF70EEFD119C73E100A58703 /* ObjC-SwizzleMethods.c */; };
		FF70F096119C936200A58703 /* MWApplicationIcon.icns in Resources */ = {isa = PBXBuildFile; fileRef = FF70F095119C936200A58703 /* MWApplicationIcon.icns */; };
		FF70F128119C992E00A58703 /* MWTransformSentencesGenerated.m in Sources */ = {isa = PBXBuildFile; fileRef = FF70F127119C992E00A58703 /* MWTransformSentencesGenerated.m */; };
		FF70F26F119CA6FC00A58703 /* NSView+DumpDimensions.m in Sources */ = {isa = PBXBuildFile; fileRef = FF70F26E119CA6FC00A58703 /* NSView+DumpDimensions.m */; };
		FF70F2D5119CAD9E00A58703 /* QuartzCore.framework in Frameworks */ = {isa = PBXBuildFile; fileRef = FF70F2D4119CAD9E00A58703 /* QuartzCore.framework */; };
		FF70F343119CB32F00A58703 /* LFHTTPRequest.m in Sources */ = {isa = PBXBuildFile; fileRef = FF70F33D119CB32F00A58703 /* LFHTTPRequest.m */; };
		FF70F344119CB32F00A58703 /* LFSiteReachability.m in Sources */ = {isa = PBXBuildFile; fileRef = FF70F33F119CB32F00A58703 /* LFSiteReachability.m */; };
		FF70F345119CB32F00A58703 /* NSData+LFHTTPFormExtensions.m in Sources */ = {isa = PBXBuildFile; fileRef = FF70F342119CB32F00A58703 /* NSData+LFHTTPFormExtensions.m */; };
		FF70F386119CB39A00A58703 /* CoreFoundation.framework in Frameworks */ = {isa = PBXBuildFile; fileRef = FF70F385119CB39A00A58703 /* CoreFoundation.framework */; };
		FF70F38E119CB3B300A58703 /* SystemConfiguration.framework in Frameworks */ = {isa = PBXBuildFile; fileRef = FF70F38D119CB3B300A58703 /* SystemConfiguration.framework */; };
		FFA4A1EE119D0DFF00B97A84 /* NSUserDefaults+MNAdditions.m in Sources */ = {isa = PBXBuildFile; fileRef = FFA4A1ED119D0DFF00B97A84 /* NSUserDefaults+MNAdditions.m */; };
		FFFDEDDF119CBAFE00EFB205 /* JSON.framework in Copy Frameworks */ = {isa = PBXBuildFile; fileRef = FFFDED94119CBA8900EFB205 /* JSON.framework */; };
		FFFDEE14119CBB6B00EFB205 /* JSON.framework in Frameworks */ = {isa = PBXBuildFile; fileRef = FFFDED94119CBA8900EFB205 /* JSON.framework */; };
/* End PBXBuildFile section */

/* Begin PBXContainerItemProxy section */
		FFFDED93119CBA8900EFB205 /* PBXContainerItemProxy */ = {
			isa = PBXContainerItemProxy;
			containerPortal = FFFDED85119CBA8900EFB205 /* JSON.xcodeproj */;
			proxyType = 2;
			remoteGlobalIDString = 53D229810C96121600276605;
			remoteInfo = JSON;
		};
		FFFDED95119CBA8900EFB205 /* PBXContainerItemProxy */ = {
			isa = PBXContainerItemProxy;
			containerPortal = FFFDED85119CBA8900EFB205 /* JSON.xcodeproj */;
			proxyType = 2;
			remoteGlobalIDString = 53D2298D0C96122A00276605;
			remoteInfo = Tests;
		};
		FFFDED97119CBA8900EFB205 /* PBXContainerItemProxy */ = {
			isa = PBXContainerItemProxy;
			containerPortal = FFFDED85119CBA8900EFB205 /* JSON.xcodeproj */;
			proxyType = 2;
			remoteGlobalIDString = FE2BBD800D8B0D3900184787;
			remoteInfo = libjson;
		};
		FFFDED99119CBA8900EFB205 /* PBXContainerItemProxy */ = {
			isa = PBXContainerItemProxy;
			containerPortal = FFFDED85119CBA8900EFB205 /* JSON.xcodeproj */;
			proxyType = 2;
			remoteGlobalIDString = FE2BBDAB0D8B0EE000184787;
			remoteInfo = libjsontests;
		};
		FFFDED9B119CBA8900EFB205 /* PBXContainerItemProxy */ = {
			isa = PBXContainerItemProxy;
			containerPortal = FFFDED85119CBA8900EFB205 /* JSON.xcodeproj */;
			proxyType = 2;
			remoteGlobalIDString = 53EF4D400DC247B3005F5E6D;
			remoteInfo = bench;
		};
		FFFDEDE0119CBB0700EFB205 /* PBXContainerItemProxy */ = {
			isa = PBXContainerItemProxy;
			containerPortal = FFFDED85119CBA8900EFB205 /* JSON.xcodeproj */;
			proxyType = 1;
			remoteGlobalIDString = 53D229800C96121600276605;
			remoteInfo = JSON;
		};
/* End PBXContainerItemProxy section */

/* Begin PBXCopyFilesBuildPhase section */
		FFFDEE0D119CBB1700EFB205 /* Copy Frameworks */ = {
			isa = PBXCopyFilesBuildPhase;
			buildActionMask = 2147483647;
			dstPath = "";
			dstSubfolderSpec = 10;
			files = (
				FFFDEDDF119CBAFE00EFB205 /* JSON.framework in Copy Frameworks */,
			);
			name = "Copy Frameworks";
			runOnlyForDeploymentPostprocessing = 0;
		};
/* End PBXCopyFilesBuildPhase section */

/* Begin PBXFileReference section */
		089C165DFE840E0CC02AAC07 /* English */ = {isa = PBXFileReference; fileEncoding = 4; lastKnownFileType = text.plist.strings; name = English; path = English.lproj/InfoPlist.strings; sourceTree = "<group>"; };
		1058C7A1FEA54F0111CA2CBB /* Cocoa.framework */ = {isa = PBXFileReference; lastKnownFileType = wrapper.framework; name = Cocoa.framework; path = /System/Library/Frameworks/Cocoa.framework; sourceTree = "<absolute>"; };
		13E42FB307B3F0F600E4EEF1 /* CoreData.framework */ = {isa = PBXFileReference; lastKnownFileType = wrapper.framework; name = CoreData.framework; path = /System/Library/Frameworks/CoreData.framework; sourceTree = "<absolute>"; };
		1DDD58150DA1D0A300B32029 /* English */ = {isa = PBXFileReference; lastKnownFileType = file.xib; name = English; path = English.lproj/MainMenu.xib; sourceTree = "<group>"; };
		256AC3D80F4B6AC300CF3369 /* MWController.h */ = {isa = PBXFileReference; fileEncoding = 4; lastKnownFileType = sourcecode.c.h; path = MWController.h; sourceTree = "<group>"; };
		256AC3D90F4B6AC300CF3369 /* MWController.m */ = {isa = PBXFileReference; fileEncoding = 4; lastKnownFileType = sourcecode.c.objc; path = MWController.m; sourceTree = "<group>"; };
		256AC3F00F4B6AF500CF3369 /* moreWord_Prefix.pch */ = {isa = PBXFileReference; fileEncoding = 4; lastKnownFileType = sourcecode.c.h; path = moreWord_Prefix.pch; sourceTree = "<group>"; };
		29B97316FDCFA39411CA2CEA /* main.m */ = {isa = PBXFileReference; fileEncoding = 4; lastKnownFileType = sourcecode.c.objc; path = main.m; sourceTree = "<group>"; };
		29B97324FDCFA39411CA2CEA /* AppKit.framework */ = {isa = PBXFileReference; lastKnownFileType = wrapper.framework; name = AppKit.framework; path = /System/Library/Frameworks/AppKit.framework; sourceTree = "<absolute>"; };
		29B97325FDCFA39411CA2CEA /* Foundation.framework */ = {isa = PBXFileReference; lastKnownFileType = wrapper.framework; name = Foundation.framework; path = /System/Library/Frameworks/Foundation.framework; sourceTree = "<absolute>"; };
		8D1107310486CEB800E47090 /* moreWord-Info.plist */ = {isa = PBXFileReference; fileEncoding = 4; lastKnownFileType = text.plist.xml; path = "moreWord-Info.plist"; sourceTree = "<group>"; };
		8D1107320486CEB800E47090 /* moreWord.app */ = {isa = PBXFileReference; explicitFileType = wrapper.application; includeInIndex = 0; path = moreWord.app; sourceTree = BUILT_PRODUCTS_DIR; };
		FF5820D5119BEDC100131874 /* NSStatusItem+Iconology.h */ = {isa = PBXFileReference; fileEncoding = 4; lastKnownFileType = sourcecode.c.h; name = "NSStatusItem+Iconology.h"; path = "Externals/NSStatusItem+Iconology/NSStatusItem+Iconology.h"; sourceTree = "<group>"; };
		FF5820D6119BEDC100131874 /* NSStatusItem+Iconology.m */ = {isa = PBXFileReference; fileEncoding = 4; lastKnownFileType = sourcecode.c.objc; name = "NSStatusItem+Iconology.m"; path = "Externals/NSStatusItem+Iconology/NSStatusItem+Iconology.m"; sourceTree = "<group>"; };
		FF582119119BF0AB00131874 /* MWStatusItemIcon.pdf */ = {isa = PBXFileReference; lastKnownFileType = image.pdf; name = MWStatusItemIcon.pdf; path = Resources/MWStatusItemIcon.pdf; sourceTree = "<group>"; };
		FF70ED66119C625700A58703 /* MWStatusItemIconAlternate.pdf */ = {isa = PBXFileReference; lastKnownFileType = image.pdf; name = MWStatusItemIconAlternate.pdf; path = Resources/MWStatusItemIconAlternate.pdf; sourceTree = "<group>"; };
		FF70EE95119C707500A58703 /* NSView+Centering.h */ = {isa = PBXFileReference; fileEncoding = 4; lastKnownFileType = sourcecode.c.h; name = "NSView+Centering.h"; path = "Externals/NSView+Centering/NSView+Centering.h"; sourceTree = "<group>"; };
		FF70EE96119C707500A58703 /* NSView+Centering.m */ = {isa = PBXFileReference; fileEncoding = 4; lastKnownFileType = sourcecode.c.objc; name = "NSView+Centering.m"; path = "Externals/NSView+Centering/NSView+Centering.m"; sourceTree = "<group>"; };
		FF70EEFC119C73E100A58703 /* ObjC-SwizzleMethods.h */ = {isa = PBXFileReference; fileEncoding = 4; lastKnownFileType = sourcecode.c.h; name = "ObjC-SwizzleMethods.h"; path = "Externals/ObjC-SwizzleMethods/ObjC-SwizzleMethods.h"; sourceTree = "<group>"; };
		FF70EEFD119C73E100A58703 /* ObjC-SwizzleMethods.c */ = {isa = PBXFileReference; fileEncoding = 4; lastKnownFileType = sourcecode.c.c; name = "ObjC-SwizzleMethods.c"; path = "Externals/ObjC-SwizzleMethods/ObjC-SwizzleMethods.c"; sourceTree = "<group>"; };
		FF70F095119C936200A58703 /* MWApplicationIcon.icns */ = {isa = PBXFileReference; lastKnownFileType = image.icns; name = MWApplicationIcon.icns; path = Resources/MWApplicationIcon.icns; sourceTree = "<group>"; };
		FF70F0C9119C956D00A58703 /* MWConfiguration.h */ = {isa = PBXFileReference; fileEncoding = 4; lastKnownFileType = sourcecode.c.h; path = MWConfiguration.h; sourceTree = "<group>"; };
		FF70F126119C992E00A58703 /* MWTransformSentencesGenerated.h */ = {isa = PBXFileReference; fileEncoding = 4; lastKnownFileType = sourcecode.c.h; path = MWTransformSentencesGenerated.h; sourceTree = "<group>"; };
		FF70F127119C992E00A58703 /* MWTransformSentencesGenerated.m */ = {isa = PBXFileReference; fileEncoding = 4; lastKnownFileType = sourcecode.c.objc; path = MWTransformSentencesGenerated.m; sourceTree = "<group>"; };
		FF70F26D119CA6FC00A58703 /* NSView+DumpDimensions.h */ = {isa = PBXFileReference; fileEncoding = 4; lastKnownFileType = sourcecode.c.h; name = "NSView+DumpDimensions.h"; path = "Externals/NSView+DumpDimensions/NSView+DumpDimensions.h"; sourceTree = "<group>"; };
		FF70F26E119CA6FC00A58703 /* NSView+DumpDimensions.m */ = {isa = PBXFileReference; fileEncoding = 4; lastKnownFileType = sourcecode.c.objc; name = "NSView+DumpDimensions.m"; path = "Externals/NSView+DumpDimensions/NSView+DumpDimensions.m"; sourceTree = "<group>"; };
		FF70F2D4119CAD9E00A58703 /* QuartzCore.framework */ = {isa = PBXFileReference; lastKnownFileType = wrapper.framework; name = QuartzCore.framework; path = System/Library/Frameworks/QuartzCore.framework; sourceTree = SDKROOT; };
		FF70F33C119CB32F00A58703 /* LFHTTPRequest.h */ = {isa = PBXFileReference; fileEncoding = 4; lastKnownFileType = sourcecode.c.h; name = LFHTTPRequest.h; path = Externals/LFWebAPIKit/LFHTTPRequest.h; sourceTree = "<group>"; };
		FF70F33D119CB32F00A58703 /* LFHTTPRequest.m */ = {isa = PBXFileReference; fileEncoding = 4; lastKnownFileType = sourcecode.c.objc; name = LFHTTPRequest.m; path = Externals/LFWebAPIKit/LFHTTPRequest.m; sourceTree = "<group>"; };
		FF70F33E119CB32F00A58703 /* LFSiteReachability.h */ = {isa = PBXFileReference; fileEncoding = 4; lastKnownFileType = sourcecode.c.h; name = LFSiteReachability.h; path = Externals/LFWebAPIKit/LFSiteReachability.h; sourceTree = "<group>"; };
		FF70F33F119CB32F00A58703 /* LFSiteReachability.m */ = {isa = PBXFileReference; fileEncoding = 4; lastKnownFileType = sourcecode.c.objc; name = LFSiteReachability.m; path = Externals/LFWebAPIKit/LFSiteReachability.m; sourceTree = "<group>"; };
		FF70F340119CB32F00A58703 /* LFWebAPIKit.h */ = {isa = PBXFileReference; fileEncoding = 4; lastKnownFileType = sourcecode.c.h; name = LFWebAPIKit.h; path = Externals/LFWebAPIKit/LFWebAPIKit.h; sourceTree = "<group>"; };
		FF70F341119CB32F00A58703 /* NSData+LFHTTPFormExtensions.h */ = {isa = PBXFileReference; fileEncoding = 4; lastKnownFileType = sourcecode.c.h; name = "NSData+LFHTTPFormExtensions.h"; path = "Externals/LFWebAPIKit/NSData+LFHTTPFormExtensions.h"; sourceTree = "<group>"; };
		FF70F342119CB32F00A58703 /* NSData+LFHTTPFormExtensions.m */ = {isa = PBXFileReference; fileEncoding = 4; lastKnownFileType = sourcecode.c.objc; name = "NSData+LFHTTPFormExtensions.m"; path = "Externals/LFWebAPIKit/NSData+LFHTTPFormExtensions.m"; sourceTree = "<group>"; };
		FF70F385119CB39A00A58703 /* CoreFoundation.framework */ = {isa = PBXFileReference; lastKnownFileType = wrapper.framework; name = CoreFoundation.framework; path = System/Library/Frameworks/CoreFoundation.framework; sourceTree = SDKROOT; };
		FF70F38D119CB3B300A58703 /* SystemConfiguration.framework */ = {isa = PBXFileReference; lastKnownFileType = wrapper.framework; name = SystemConfiguration.framework; path = System/Library/Frameworks/SystemConfiguration.framework; sourceTree = SDKROOT; };
		FFA4A1EC119D0DFF00B97A84 /* NSUserDefaults+MNAdditions.h */ = {isa = PBXFileReference; fileEncoding = 4; lastKnownFileType = sourcecode.c.h; name = "NSUserDefaults+MNAdditions.h"; path = "Externals/NSUserDefaults+MNAdditions/NSUserDefaults+MNAdditions.h"; sourceTree = "<group>"; };
		FFA4A1ED119D0DFF00B97A84 /* NSUserDefaults+MNAdditions.m */ = {isa = PBXFileReference; fileEncoding = 4; lastKnownFileType = sourcecode.c.objc; name = "NSUserDefaults+MNAdditions.m"; path = "Externals/NSUserDefaults+MNAdditions/NSUserDefaults+MNAdditions.m"; sourceTree = "<group>"; };
		FFFDED85119CBA8900EFB205 /* JSON.xcodeproj */ = {isa = PBXFileReference; lastKnownFileType = "wrapper.pb-project"; name = JSON.xcodeproj; path = "Externals/JSON-Framework/JSON.xcodeproj"; sourceTree = "<group>"; };
/* End PBXFileReference section */

/* Begin PBXFrameworksBuildPhase section */
		8D11072E0486CEB800E47090 /* Frameworks */ = {
			isa = PBXFrameworksBuildPhase;
			buildActionMask = 2147483647;
			files = (
				FFFDEE14119CBB6B00EFB205 /* JSON.framework in Frameworks */,
				8D11072F0486CEB800E47090 /* Cocoa.framework in Frameworks */,
				FF70F2D5119CAD9E00A58703 /* QuartzCore.framework in Frameworks */,
				FF70F386119CB39A00A58703 /* CoreFoundation.framework in Frameworks */,
				FF70F38E119CB3B300A58703 /* SystemConfiguration.framework in Frameworks */,
			);
			runOnlyForDeploymentPostprocessing = 0;
		};
/* End PBXFrameworksBuildPhase section */

/* Begin PBXGroup section */
		080E96DDFE201D6D7F000001 /* Classes */ = {
			isa = PBXGroup;
			children = (
				FFA4A1EC119D0DFF00B97A84 /* NSUserDefaults+MNAdditions.h */,
				FFA4A1ED119D0DFF00B97A84 /* NSUserDefaults+MNAdditions.m */,
				FF70F126119C992E00A58703 /* MWTransformSentencesGenerated.h */,
				FF70F127119C992E00A58703 /* MWTransformSentencesGenerated.m */,
				FF70F0C9119C956D00A58703 /* MWConfiguration.h */,
				256AC3D80F4B6AC300CF3369 /* MWController.h */,
				256AC3D90F4B6AC300CF3369 /* MWController.m */,
			);
			name = Classes;
			sourceTree = "<group>";
		};
		1058C7A0FEA54F0111CA2CBB /* Linked Frameworks */ = {
			isa = PBXGroup;
			children = (
				FF70F38D119CB3B300A58703 /* SystemConfiguration.framework */,
				FF70F385119CB39A00A58703 /* CoreFoundation.framework */,
				FF70F2D4119CAD9E00A58703 /* QuartzCore.framework */,
				1058C7A1FEA54F0111CA2CBB /* Cocoa.framework */,
			);
			name = "Linked Frameworks";
			sourceTree = "<group>";
		};
		1058C7A2FEA54F0111CA2CBB /* Other Frameworks */ = {
			isa = PBXGroup;
			children = (
				29B97324FDCFA39411CA2CEA /* AppKit.framework */,
				13E42FB307B3F0F600E4EEF1 /* CoreData.framework */,
				29B97325FDCFA39411CA2CEA /* Foundation.framework */,
			);
			name = "Other Frameworks";
			sourceTree = "<group>";
		};
		19C28FACFE9D520D11CA2CBB /* Products */ = {
			isa = PBXGroup;
			children = (
				8D1107320486CEB800E47090 /* moreWord.app */,
			);
			name = Products;
			sourceTree = "<group>";
		};
		29B97314FDCFA39411CA2CEA /* moreWord */ = {
			isa = PBXGroup;
			children = (
				080E96DDFE201D6D7F000001 /* Classes */,
				FF70F035119C835D00A58703 /* Externals */,
				29B97315FDCFA39411CA2CEA /* Other Sources */,
				29B97317FDCFA39411CA2CEA /* Resources */,
				29B97323FDCFA39411CA2CEA /* Frameworks */,
				19C28FACFE9D520D11CA2CBB /* Products */,
			);
			name = moreWord;
			sourceTree = "<group>";
		};
		29B97315FDCFA39411CA2CEA /* Other Sources */ = {
			isa = PBXGroup;
			children = (
				256AC3F00F4B6AF500CF3369 /* moreWord_Prefix.pch */,
				29B97316FDCFA39411CA2CEA /* main.m */,
			);
			name = "Other Sources";
			sourceTree = "<group>";
		};
		29B97317FDCFA39411CA2CEA /* Resources */ = {
			isa = PBXGroup;
			children = (
				FF70F095119C936200A58703 /* MWApplicationIcon.icns */,
				FF582119119BF0AB00131874 /* MWStatusItemIcon.pdf */,
				FF70ED66119C625700A58703 /* MWStatusItemIconAlternate.pdf */,
				8D1107310486CEB800E47090 /* moreWord-Info.plist */,
				089C165CFE840E0CC02AAC07 /* InfoPlist.strings */,
				1DDD58140DA1D0A300B32029 /* MainMenu.xib */,
			);
			name = Resources;
			sourceTree = "<group>";
		};
		29B97323FDCFA39411CA2CEA /* Frameworks */ = {
			isa = PBXGroup;
			children = (
				1058C7A0FEA54F0111CA2CBB /* Linked Frameworks */,
				1058C7A2FEA54F0111CA2CBB /* Other Frameworks */,
			);
			name = Frameworks;
			sourceTree = "<group>";
		};
		FF70F035119C835D00A58703 /* Externals */ = {
			isa = PBXGroup;
			children = (
				FFA4A1A2119D0D5100B97A84 /* LFWebAPIKit */,
				FFFDED85119CBA8900EFB205 /* JSON.xcodeproj */,
				FF70F341119CB32F00A58703 /* NSData+LFHTTPFormExtensions.h */,
				FF70F342119CB32F00A58703 /* NSData+LFHTTPFormExtensions.m */,
				FF70F26D119CA6FC00A58703 /* NSView+DumpDimensions.h */,
				FF70F26E119CA6FC00A58703 /* NSView+DumpDimensions.m */,
				FF70EEFC119C73E100A58703 /* ObjC-SwizzleMethods.h */,
				FF70EEFD119C73E100A58703 /* ObjC-SwizzleMethods.c */,
				FF70EE95119C707500A58703 /* NSView+Centering.h */,
				FF70EE96119C707500A58703 /* NSView+Centering.m */,
				FF5820D5119BEDC100131874 /* NSStatusItem+Iconology.h */,
				FF5820D6119BEDC100131874 /* NSStatusItem+Iconology.m */,
			);
			name = Externals;
			sourceTree = "<group>";
		};
		FFA4A1A2119D0D5100B97A84 /* LFWebAPIKit */ = {
			isa = PBXGroup;
			children = (
				FF70F33C119CB32F00A58703 /* LFHTTPRequest.h */,
				FF70F33D119CB32F00A58703 /* LFHTTPRequest.m */,
				FF70F33E119CB32F00A58703 /* LFSiteReachability.h */,
				FF70F33F119CB32F00A58703 /* LFSiteReachability.m */,
				FF70F340119CB32F00A58703 /* LFWebAPIKit.h */,
			);
			name = LFWebAPIKit;
			sourceTree = "<group>";
		};
		FFFDED86119CBA8900EFB205 /* Products */ = {
			isa = PBXGroup;
			children = (
				FFFDED94119CBA8900EFB205 /* JSON.framework */,
				FFFDED96119CBA8900EFB205 /* Tests.octest */,
				FFFDED98119CBA8900EFB205 /* libjson.a */,
				FFFDED9A119CBA8900EFB205 /* libjsontests.octest */,
				FFFDED9C119CBA8900EFB205 /* bench */,
			);
			name = Products;
			sourceTree = "<group>";
		};
/* End PBXGroup section */

/* Begin PBXNativeTarget section */
		8D1107260486CEB800E47090 /* moreWord */ = {
			isa = PBXNativeTarget;
			buildConfigurationList = C01FCF4A08A954540054247B /* Build configuration list for PBXNativeTarget "moreWord" */;
			buildPhases = (
				8D1107290486CEB800E47090 /* Resources */,
				FFFDEE0D119CBB1700EFB205 /* Copy Frameworks */,
				8D11072C0486CEB800E47090 /* Sources */,
				8D11072E0486CEB800E47090 /* Frameworks */,
			);
			buildRules = (
			);
			dependencies = (
				FFFDEDE1119CBB0700EFB205 /* PBXTargetDependency */,
			);
			name = moreWord;
			productInstallPath = "$(HOME)/Applications";
			productName = moreWord;
			productReference = 8D1107320486CEB800E47090 /* moreWord.app */;
			productType = "com.apple.product-type.application";
		};
/* End PBXNativeTarget section */

/* Begin PBXProject section */
		29B97313FDCFA39411CA2CEA /* Project object */ = {
			isa = PBXProject;
			buildConfigurationList = C01FCF4E08A954540054247B /* Build configuration list for PBXProject "moreWord" */;
			compatibilityVersion = "Xcode 3.1";
			hasScannedForEncodings = 1;
			mainGroup = 29B97314FDCFA39411CA2CEA /* moreWord */;
			projectDirPath = "";
			projectReferences = (
				{
					ProductGroup = FFFDED86119CBA8900EFB205 /* Products */;
					ProjectRef = FFFDED85119CBA8900EFB205 /* JSON.xcodeproj */;
				},
			);
			projectRoot = "";
			targets = (
				8D1107260486CEB800E47090 /* moreWord */,
			);
		};
/* End PBXProject section */

/* Begin PBXReferenceProxy section */
		FFFDED94119CBA8900EFB205 /* JSON.framework */ = {
			isa = PBXReferenceProxy;
			fileType = wrapper.framework;
			path = JSON.framework;
			remoteRef = FFFDED93119CBA8900EFB205 /* PBXContainerItemProxy */;
			sourceTree = BUILT_PRODUCTS_DIR;
		};
		FFFDED96119CBA8900EFB205 /* Tests.octest */ = {
			isa = PBXReferenceProxy;
			fileType = wrapper.cfbundle;
			path = Tests.octest;
			remoteRef = FFFDED95119CBA8900EFB205 /* PBXContainerItemProxy */;
			sourceTree = BUILT_PRODUCTS_DIR;
		};
		FFFDED98119CBA8900EFB205 /* libjson.a */ = {
			isa = PBXReferenceProxy;
			fileType = archive.ar;
			path = libjson.a;
			remoteRef = FFFDED97119CBA8900EFB205 /* PBXContainerItemProxy */;
			sourceTree = BUILT_PRODUCTS_DIR;
		};
		FFFDED9A119CBA8900EFB205 /* libjsontests.octest */ = {
			isa = PBXReferenceProxy;
			fileType = wrapper.cfbundle;
			path = libjsontests.octest;
			remoteRef = FFFDED99119CBA8900EFB205 /* PBXContainerItemProxy */;
			sourceTree = BUILT_PRODUCTS_DIR;
		};
		FFFDED9C119CBA8900EFB205 /* bench */ = {
			isa = PBXReferenceProxy;
			fileType = "compiled.mach-o.executable";
			path = bench;
			remoteRef = FFFDED9B119CBA8900EFB205 /* PBXContainerItemProxy */;
			sourceTree = BUILT_PRODUCTS_DIR;
		};
/* End PBXReferenceProxy section */

/* Begin PBXResourcesBuildPhase section */
		8D1107290486CEB800E47090 /* Resources */ = {
			isa = PBXResourcesBuildPhase;
			buildActionMask = 2147483647;
			files = (
				8D11072B0486CEB800E47090 /* InfoPlist.strings in Resources */,
				1DDD58160DA1D0A300B32029 /* MainMenu.xib in Resources */,
				FF58211A119BF0AB00131874 /* MWStatusItemIcon.pdf in Resources */,
				FF70ED67119C625700A58703 /* MWStatusItemIconAlternate.pdf in Resources */,
				FF70F096119C936200A58703 /* MWApplicationIcon.icns in Resources */,
			);
			runOnlyForDeploymentPostprocessing = 0;
		};
/* End PBXResourcesBuildPhase section */

/* Begin PBXSourcesBuildPhase section */
		8D11072C0486CEB800E47090 /* Sources */ = {
			isa = PBXSourcesBuildPhase;
			buildActionMask = 2147483647;
			files = (
				8D11072D0486CEB800E47090 /* main.m in Sources */,
				256AC3DA0F4B6AC300CF3369 /* MWController.m in Sources */,
				FF5820D7119BEDC100131874 /* NSStatusItem+Iconology.m in Sources */,
				FF70EE97119C707500A58703 /* NSView+Centering.m in Sources */,
				FF70EEFE119C73E100A58703 /* ObjC-SwizzleMethods.c in Sources */,
				FF70F128119C992E00A58703 /* MWTransformSentencesGenerated.m in Sources */,
				FF70F26F119CA6FC00A58703 /* NSView+DumpDimensions.m in Sources */,
				FF70F343119CB32F00A58703 /* LFHTTPRequest.m in Sources */,
				FF70F344119CB32F00A58703 /* LFSiteReachability.m in Sources */,
				FF70F345119CB32F00A58703 /* NSData+LFHTTPFormExtensions.m in Sources */,
				FFA4A1EE119D0DFF00B97A84 /* NSUserDefaults+MNAdditions.m in Sources */,
			);
			runOnlyForDeploymentPostprocessing = 0;
		};
/* End PBXSourcesBuildPhase section */

/* Begin PBXTargetDependency section */
		FFFDEDE1119CBB0700EFB205 /* PBXTargetDependency */ = {
			isa = PBXTargetDependency;
			name = JSON;
			targetProxy = FFFDEDE0119CBB0700EFB205 /* PBXContainerItemProxy */;
		};
/* End PBXTargetDependency section */

/* Begin PBXVariantGroup section */
		089C165CFE840E0CC02AAC07 /* InfoPlist.strings */ = {
			isa = PBXVariantGroup;
			children = (
				089C165DFE840E0CC02AAC07 /* English */,
			);
			name = InfoPlist.strings;
			sourceTree = "<group>";
		};
		1DDD58140DA1D0A300B32029 /* MainMenu.xib */ = {
			isa = PBXVariantGroup;
			children = (
				1DDD58150DA1D0A300B32029 /* English */,
			);
			name = MainMenu.xib;
			sourceTree = "<group>";
		};
/* End PBXVariantGroup section */

/* Begin XCBuildConfiguration section */
		C01FCF4B08A954540054247B /* Debug */ = {
			isa = XCBuildConfiguration;
			buildSettings = {
				ALWAYS_SEARCH_USER_PATHS = NO;
				COPY_PHASE_STRIP = NO;
				FRAMEWORK_SEARCH_PATHS = "$(TARGET_BUILD_DIR)/$(FRAMEWORKS_FOLDER_PATH)/**";
				GCC_DYNAMIC_NO_PIC = NO;
				GCC_ENABLE_FIX_AND_CONTINUE = YES;
				GCC_MODEL_TUNING = G5;
				GCC_OPTIMIZATION_LEVEL = 0;
				GCC_PRECOMPILE_PREFIX_HEADER = YES;
				GCC_PREFIX_HEADER = moreWord_Prefix.pch;
				HEADER_SEARCH_PATHS = "\"$(SRCROOT)/Externals\"/**";
				INFOPLIST_FILE = "moreWord-Info.plist";
				INSTALL_PATH = "$(HOME)/Applications";
				PRODUCT_NAME = moreWord;
			};
			name = Debug;
		};
		C01FCF4C08A954540054247B /* Release */ = {
			isa = XCBuildConfiguration;
			buildSettings = {
				ALWAYS_SEARCH_USER_PATHS = NO;
				DEBUG_INFORMATION_FORMAT = "dwarf-with-dsym";
				FRAMEWORK_SEARCH_PATHS = "$(TARGET_BUILD_DIR)/$(FRAMEWORKS_FOLDER_PATH)/**";
				GCC_MODEL_TUNING = G5;
				GCC_PRECOMPILE_PREFIX_HEADER = YES;
				GCC_PREFIX_HEADER = moreWord_Prefix.pch;
				INFOPLIST_FILE = "moreWord-Info.plist";
				INSTALL_PATH = "$(HOME)/Applications";
				PRODUCT_NAME = moreWord;
			};
			name = Release;
		};
		C01FCF4F08A954540054247B /* Debug */ = {
			isa = XCBuildConfiguration;
			buildSettings = {
				ARCHS = "$(ARCHS_STANDARD_32_64_BIT)";
				GCC_C_LANGUAGE_STANDARD = gnu99;
				GCC_OPTIMIZATION_LEVEL = 0;
				GCC_WARN_ABOUT_RETURN_TYPE = YES;
				GCC_WARN_UNUSED_VARIABLE = YES;
				ONLY_ACTIVE_ARCH = YES;
				PREBINDING = NO;
				SDKROOT = macosx10.6;
			};
			name = Debug;
		};
		C01FCF5008A954540054247B /* Release */ = {
			isa = XCBuildConfiguration;
			buildSettings = {
				ARCHS = "$(ARCHS_STANDARD_32_64_BIT)";
				GCC_C_LANGUAGE_STANDARD = gnu99;
				GCC_WARN_ABOUT_RETURN_TYPE = YES;
				GCC_WARN_UNUSED_VARIABLE = YES;
				PREBINDING = NO;
				SDKROOT = macosx10.6;
			};
			name = Release;
		};
/* End XCBuildConfiguration section */

/* Begin XCConfigurationList section */
		C01FCF4A08A954540054247B /* Build configuration list for PBXNativeTarget "moreWord" */ = {
			isa = XCConfigurationList;
			buildConfigurations = (
				C01FCF4B08A954540054247B /* Debug */,
				C01FCF4C08A954540054247B /* Release */,
			);
			defaultConfigurationIsVisible = 0;
			defaultConfigurationName = Release;
		};
		C01FCF4E08A954540054247B /* Build configuration list for PBXProject "moreWord" */ = {
			isa = XCConfigurationList;
			buildConfigurations = (
				C01FCF4F08A954540054247B /* Debug */,
				C01FCF5008A954540054247B /* Release */,
			);
			defaultConfigurationIsVisible = 0;
			defaultConfigurationName = Release;
		};
/* End XCConfigurationList section */
	};
	rootObject = 29B97313FDCFA39411CA2CEA /* Project object */;
}
